
Microsoft Visual Studio Solution File, Format Version 12.00
# Visual Studio Version 17
VisualStudioVersion = 17.1.32421.90
MinimumVisualStudioVersion = 10.0.40219.1
Project("{FAE04EC0-301F-11D3-BF4B-00C04F79EFBC}") = "AssetsAPI_Natalie", "AssetsAPI_Natalie\AssetsAPI_Natalie.csproj", "{B88851FB-1F20-40CD-80B5-D9AA4FDF6F04}"
EndProject
Global
	GlobalSection(SolutionConfigurationPlatforms) = preSolution
		Debug|Any CPU = Debug|Any CPU
		Release|Any CPU = Release|Any CPU
	EndGlobalSection
	GlobalSection(ProjectConfigurationPlatforms) = postSolution
		{B88851FB-1F20-40CD-80B5-D9AA4FDF6F04}.Debug|Any CPU.ActiveCfg = Debug|Any CPU
		{B88851FB-1F20-40CD-80B5-D9AA4FDF6F04}.Debug|Any CPU.Build.0 = Debug|Any CPU
		{B88851FB-1F20-40CD-80B5-D9AA4FDF6F04}.Release|Any CPU.ActiveCfg = Release|Any CPU
		{B88851FB-1F20-40CD-80B5-D9AA4FDF6F04}.Release|Any CPU.Build.0 = Release|Any CPU
	EndGlobalSection
	GlobalSection(SolutionProperties) = preSolution
		HideSolutionNode = FALSE
	EndGlobalSection
	GlobalSection(ExtensibilityGlobals) = postSolution
		SolutionGuid = {4EF9260B-D660-4307-B34A-719D4726DB28}
	EndGlobalSection
EndGlobal
